
Microsoft Visual Studio Solution File, Format Version 12.00
# Visual Studio Version 16
VisualStudioVersion = 16.0.29613.14
MinimumVisualStudioVersion = 10.0.40219.1
Project("{9A19103F-16F7-4668-BE54-9A1E7A4F7556}") = "Service01", "Service01\Service01.csproj", "{0CB2755A-B852-467F-A5FF-C83255B9DA7F}"
EndProject
Project("{9A19103F-16F7-4668-BE54-9A1E7A4F7556}") = "QRService", "QRService\QRService.csproj", "{4FCFB72A-5199-4283-9F48-FFE4DAA56089}"
EndProject
Project("{9A19103F-16F7-4668-BE54-9A1E7A4F7556}") = "GoogleMapsService", "GoogleMapsService\GoogleMapsService.csproj", "{2B969529-51F8-4FA8-9B18-E048085A4A4C}"
EndProject
Project("{9A19103F-16F7-4668-BE54-9A1E7A4F7556}") = "ExcelService", "ExcelService\ExcelService.csproj", "{F3984BB2-DB56-4D95-A98A-324D89015615}"
EndProject
Project("{9A19103F-16F7-4668-BE54-9A1E7A4F7556}") = "DapperDatabase.Api", "DapperDatabase\DapperDatabase.Api\DapperDatabase.Api.csproj", "{60C70DA2-428A-46B1-9B09-AD036AB7284B}"
EndProject
Global
	GlobalSection(SolutionConfigurationPlatforms) = preSolution
		Debug|Any CPU = Debug|Any CPU
		Release|Any CPU = Release|Any CPU
	EndGlobalSection
	GlobalSection(ProjectConfigurationPlatforms) = postSolution
		{0CB2755A-B852-467F-A5FF-C83255B9DA7F}.Debug|Any CPU.ActiveCfg = Debug|Any CPU
		{0CB2755A-B852-467F-A5FF-C83255B9DA7F}.Debug|Any CPU.Build.0 = Debug|Any CPU
		{0CB2755A-B852-467F-A5FF-C83255B9DA7F}.Release|Any CPU.ActiveCfg = Release|Any CPU
		{0CB2755A-B852-467F-A5FF-C83255B9DA7F}.Release|Any CPU.Build.0 = Release|Any CPU
		{4FCFB72A-5199-4283-9F48-FFE4DAA56089}.Debug|Any CPU.ActiveCfg = Debug|Any CPU
		{4FCFB72A-5199-4283-9F48-FFE4DAA56089}.Debug|Any CPU.Build.0 = Debug|Any CPU
		{4FCFB72A-5199-4283-9F48-FFE4DAA56089}.Release|Any CPU.ActiveCfg = Release|Any CPU
		{4FCFB72A-5199-4283-9F48-FFE4DAA56089}.Release|Any CPU.Build.0 = Release|Any CPU
		{2B969529-51F8-4FA8-9B18-E048085A4A4C}.Debug|Any CPU.ActiveCfg = Debug|Any CPU
		{2B969529-51F8-4FA8-9B18-E048085A4A4C}.Debug|Any CPU.Build.0 = Debug|Any CPU
		{2B969529-51F8-4FA8-9B18-E048085A4A4C}.Release|Any CPU.ActiveCfg = Release|Any CPU
		{2B969529-51F8-4FA8-9B18-E048085A4A4C}.Release|Any CPU.Build.0 = Release|Any CPU
		{F3984BB2-DB56-4D95-A98A-324D89015615}.Debug|Any CPU.ActiveCfg = Debug|Any CPU
		{F3984BB2-DB56-4D95-A98A-324D89015615}.Debug|Any CPU.Build.0 = Debug|Any CPU
		{F3984BB2-DB56-4D95-A98A-324D89015615}.Release|Any CPU.ActiveCfg = Release|Any CPU
		{F3984BB2-DB56-4D95-A98A-324D89015615}.Release|Any CPU.Build.0 = Release|Any CPU
		{60C70DA2-428A-46B1-9B09-AD036AB7284B}.Debug|Any CPU.ActiveCfg = Debug|Any CPU
		{60C70DA2-428A-46B1-9B09-AD036AB7284B}.Debug|Any CPU.Build.0 = Debug|Any CPU
		{60C70DA2-428A-46B1-9B09-AD036AB7284B}.Release|Any CPU.ActiveCfg = Release|Any CPU
		{60C70DA2-428A-46B1-9B09-AD036AB7284B}.Release|Any CPU.Build.0 = Release|Any CPU
	EndGlobalSection
	GlobalSection(SolutionProperties) = preSolution
		HideSolutionNode = FALSE
	EndGlobalSection
	GlobalSection(ExtensibilityGlobals) = postSolution
		SolutionGuid = {7B94E565-E7CD-46F8-95DF-D7942C46CC47}
	EndGlobalSection
EndGlobal
